
Microsoft Visual Studio Solution File, Format Version 12.00
# Visual Studio Version 16
VisualStudioVersion = 16.0.30413.136
MinimumVisualStudioVersion = 10.0.40219.1
Project("{FAE04EC0-301F-11D3-BF4B-00C04F79EFBC}") = "ksp.blog.web", "ksp.blog.web\ksp.blog.web.csproj", "{9F0FB67E-9BE5-4551-B987-DC9EC2B16B55}"
EndProject
Global
	GlobalSection(SolutionConfigurationPlatforms) = preSolution
		Debug|Any CPU = Debug|Any CPU
		Release|Any CPU = Release|Any CPU
	EndGlobalSection
	GlobalSection(ProjectConfigurationPlatforms) = postSolution
		{9F0FB67E-9BE5-4551-B987-DC9EC2B16B55}.Debug|Any CPU.ActiveCfg = Debug|Any CPU
		{9F0FB67E-9BE5-4551-B987-DC9EC2B16B55}.Debug|Any CPU.Build.0 = Debug|Any CPU
		{9F0FB67E-9BE5-4551-B987-DC9EC2B16B55}.Release|Any CPU.ActiveCfg = Release|Any CPU
		{9F0FB67E-9BE5-4551-B987-DC9EC2B16B55}.Release|Any CPU.Build.0 = Release|Any CPU
	EndGlobalSection
	GlobalSection(SolutionProperties) = preSolution
		HideSolutionNode = FALSE
	EndGlobalSection
	GlobalSection(ExtensibilityGlobals) = postSolution
		SolutionGuid = {572F995B-A538-4F3A-A584-DA197F0535A3}
	EndGlobalSection
EndGlobal
